lockfileVersion: '9.0'

settings:
  autoInstallPeers: true
  excludeLinksFromLockfile: false

importers:

  .:
    dependencies:
      docxtemplater:
        specifier: ^3.51.1
        version: 3.51.1
      pizzip:
        specifier: ^3.1.7
        version: 3.1.7
    devDependencies:
      '@types/node':
        specifier: ^22.7.7
        version: 22.7.7
      typescript:
        specifier: ^5.6.3
        version: 5.6.3

packages:

  '@types/node@22.7.7':
    resolution: {integrity: sha512-SRxCrrg9CL/y54aiMCG3edPKdprgMVGDXjA3gB8UmmBW5TcXzRUYAh8EWzTnSJFAd1rgImPELza+A3bJ+qxz8Q==}

  '@xmldom/xmldom@0.8.10':
    resolution: {integrity: sha512-2WALfTl4xo2SkGCYRt6rDTFfk9R1czmBvUQy12gK2KuRKIpWEhcbbzy8EZXtz/jkRqHX8bFEc6FC1HjX4TUWYw==}
    engines: {node: '>=10.0.0'}

  docxtemplater@3.51.1:
    resolution: {integrity: sha512-hZ/Gk2FUMvOmdO+WNAtIJhD2hYA5jOifvK/mqAUbKwTzrqBkhJ+jOYS6yYWVrTfTLHCrol4wTUeSq0skRZRLEw==}
    engines: {node: '>=0.10'}

  pako@2.1.0:
    resolution: {integrity: sha512-w+eufiZ1WuJYgPXbV/PO3NCMEc3xqylkKHzp8bxp1uW4qaSNQUkwmLLEc3kKsfz8lpV1F8Ht3U1Cm+9Srog2ug==}

  pizzip@3.1.7:
    resolution: {integrity: sha512-VemVeAQtdIA74AN1Fsd5OmbMbEeS4YOwwlcudgzvmUrOIOPrk1idYC5Tw5FUFq/I0c26ziNOw9z//iPmGfp1jA==}

  typescript@5.6.3:
    resolution: {integrity: sha512-hjcS1mhfuyi4WW8IWtjP7brDrG2cuDZukyrYrSauoXGNgx0S7zceP07adYkJycEr56BOUTNPzbInooiN3fn1qw==}
    engines: {node: '>=14.17'}
    hasBin: true

  undici-types@6.19.8:
    resolution: {integrity: sha512-ve2KP6f/JnbPBFyobGHuerC9g1FYGn/F8n1LWTwNxCEzd6IfqTwUQcNXgEtmmQ6DlRrC1hrSrBnCZPokRrDHjw==}

snapshots:

  '@types/node@22.7.7':
    dependencies:
      undici-types: 6.19.8

  '@xmldom/xmldom@0.8.10': {}

  docxtemplater@3.51.1:
    dependencies:
      '@xmldom/xmldom': 0.8.10

  pako@2.1.0: {}

  pizzip@3.1.7:
    dependencies:
      pako: 2.1.0

  typescript@5.6.3: {}

  undici-types@6.19.8: {}
